# @generated by Move, please check-in and do not edit manually.

[move]
version = 3
manifest_digest = "BE334A76CC059AB161794B3D281A92CD5D2F2E61B8688972A5C5142E937D71EF"
deps_digest = "F8BBB0CCB2491CA29A3DF03D6F92277A4F3574266507ACD77214D37ECA3F3082"
dependencies = [
  { id = "Sui", name = "Sui" },
]

[[move.package]]
id = "MoveStdlib"
source = { git = "https://github.com/MystenLabs/sui.git", rev = "framework/testnet", subdir = "crates\\sui-framework\\packages\\move-stdlib" }

[[move.package]]
id = "Sui"
source = { git = "https://github.com/MystenLabs/sui.git", rev = "framework/testnet", subdir = "crates/sui-framework/packages/sui-framework" }

dependencies = [
  { id = "MoveStdlib", name = "MoveStdlib" },
]

[move.toolchain-version]
compiler-version = "1.38.0"
edition = "2024"
flavor = "sui"

[env]

[env.testnet]
chain-id = "4c78adac"
original-published-id = "0xdbcdfec11e6ddd5dcecc8d92d35c347d3f2269e64db5cfdb57bec45d113d1e87"
latest-published-id = "0xdbcdfec11e6ddd5dcecc8d92d35c347d3f2269e64db5cfdb57bec45d113d1e87"
published-version = "1"
